
Microsoft Visual Studio Solution File, Format Version 12.00
# Visual Studio 15
VisualStudioVersion = 15.0.28010.2016
MinimumVisualStudioVersion = 10.0.40219.1
Project("{FAE04EC0-301F-11D3-BF4B-00C04F79EFBC}") = "ClientCSharp", "ClientCSharp\ClientCSharp.csproj", "{63417629-54D6-429D-98E6-19A899FA1063}"
EndProject
Global
	GlobalSection(SolutionConfigurationPlatforms) = preSolution
		Debug|Any CPU = Debug|Any CPU
		Release|Any CPU = Release|Any CPU
	EndGlobalSection
	GlobalSection(ProjectConfigurationPlatforms) = postSolution
		{63417629-54D6-429D-98E6-19A899FA1063}.Debug|Any CPU.ActiveCfg = Debug|Any CPU
		{63417629-54D6-429D-98E6-19A899FA1063}.Debug|Any CPU.Build.0 = Debug|Any CPU
		{63417629-54D6-429D-98E6-19A899FA1063}.Release|Any CPU.ActiveCfg = Release|Any CPU
		{63417629-54D6-429D-98E6-19A899FA1063}.Release|Any CPU.Build.0 = Release|Any CPU
	EndGlobalSection
	GlobalSection(SolutionProperties) = preSolution
		HideSolutionNode = FALSE
	EndGlobalSection
	GlobalSection(ExtensibilityGlobals) = postSolution
		SolutionGuid = {84C925CB-4743-4C51-A22E-3CB15C1E148C}
	EndGlobalSection
EndGlobal
